
Microsoft Visual Studio Solution File, Format Version 12.00
Project("{FAE04EC0-301F-11D3-BF4B-00C04F79EFBC}") = "ITS.Web", "ITS.Web\ITS.Web.csproj", "{533BECB4-7FF1-4E5C-8CE5-82A4BA26488C}"
EndProject
Project("{FAE04EC0-301F-11D3-BF4B-00C04F79EFBC}") = "ITS.Models", "ITS.Models\ITS.Models.csproj", "{F06053AF-851C-4A4E-A275-93189C1D7DE7}"
EndProject
Project("{FAE04EC0-301F-11D3-BF4B-00C04F79EFBC}") = "ITS.Interfaces", "ITS.Interfaces\ITS.Interfaces.csproj", "{401724F3-11B1-4BA5-A96C-F0AC83402518}"
EndProject
Project("{FAE04EC0-301F-11D3-BF4B-00C04F79EFBC}") = "ITS.Core", "ITS.Core\ITS.Core.csproj", "{35088FA4-C2D0-456E-8D89-0072A3477F82}"
EndProject
Project("{FAE04EC0-301F-11D3-BF4B-00C04F79EFBC}") = "ITS.SQL", "ITS.SQL\ITS.SQL.csproj", "{96F50B6F-28C4-417B-AC6F-BE8CF95B317E}"
EndProject
Project("{FAE04EC0-301F-11D3-BF4B-00C04F79EFBC}") = "ITS.SQL.DataGenerator", "ITS.SQL.DataGenerator\ITS.SQL.DataGenerator.csproj", "{FE8A1187-3683-4404-A7CC-660BF3456CDE}"
EndProject
Project("{FAE04EC0-301F-11D3-BF4B-00C04F79EFBC}") = "ITS.Web.ReportApi", "ITS.Web.ReportApi\ITS.Web.ReportApi.csproj", "{E1D7EA36-049E-4622-91E6-B82C04653F61}"
EndProject
Project("{FAE04EC0-301F-11D3-BF4B-00C04F79EFBC}") = "ITS.File.Stats", "ITS.File.Stats\ITS.File.Stats.csproj", "{83C9EF35-04C8-41B3-8869-CD85CFF14140}"
EndProject
Project("{FAE04EC0-301F-11D3-BF4B-00C04F79EFBC}") = "ITS.Storage", "ITS.Storage\ITS.Storage.csproj", "{4BE1DEAE-B456-4A94-AB79-151167B229EA}"
EndProject
Global
	GlobalSection(SolutionConfigurationPlatforms) = preSolution
		Debug|Any CPU = Debug|Any CPU
		Release|Any CPU = Release|Any CPU
	EndGlobalSection
	GlobalSection(ProjectConfigurationPlatforms) = postSolution
		{533BECB4-7FF1-4E5C-8CE5-82A4BA26488C}.Debug|Any CPU.ActiveCfg = Debug|Any CPU
		{533BECB4-7FF1-4E5C-8CE5-82A4BA26488C}.Debug|Any CPU.Build.0 = Debug|Any CPU
		{533BECB4-7FF1-4E5C-8CE5-82A4BA26488C}.Release|Any CPU.ActiveCfg = Release|Any CPU
		{533BECB4-7FF1-4E5C-8CE5-82A4BA26488C}.Release|Any CPU.Build.0 = Release|Any CPU
		{F06053AF-851C-4A4E-A275-93189C1D7DE7}.Debug|Any CPU.ActiveCfg = Debug|Any CPU
		{F06053AF-851C-4A4E-A275-93189C1D7DE7}.Debug|Any CPU.Build.0 = Debug|Any CPU
		{F06053AF-851C-4A4E-A275-93189C1D7DE7}.Release|Any CPU.ActiveCfg = Release|Any CPU
		{F06053AF-851C-4A4E-A275-93189C1D7DE7}.Release|Any CPU.Build.0 = Release|Any CPU
		{401724F3-11B1-4BA5-A96C-F0AC83402518}.Debug|Any CPU.ActiveCfg = Debug|Any CPU
		{401724F3-11B1-4BA5-A96C-F0AC83402518}.Debug|Any CPU.Build.0 = Debug|Any CPU
		{401724F3-11B1-4BA5-A96C-F0AC83402518}.Release|Any CPU.ActiveCfg = Release|Any CPU
		{401724F3-11B1-4BA5-A96C-F0AC83402518}.Release|Any CPU.Build.0 = Release|Any CPU
		{35088FA4-C2D0-456E-8D89-0072A3477F82}.Debug|Any CPU.ActiveCfg = Debug|Any CPU
		{35088FA4-C2D0-456E-8D89-0072A3477F82}.Debug|Any CPU.Build.0 = Debug|Any CPU
		{35088FA4-C2D0-456E-8D89-0072A3477F82}.Release|Any CPU.ActiveCfg = Release|Any CPU
		{35088FA4-C2D0-456E-8D89-0072A3477F82}.Release|Any CPU.Build.0 = Release|Any CPU
		{96F50B6F-28C4-417B-AC6F-BE8CF95B317E}.Debug|Any CPU.ActiveCfg = Debug|Any CPU
		{96F50B6F-28C4-417B-AC6F-BE8CF95B317E}.Debug|Any CPU.Build.0 = Debug|Any CPU
		{96F50B6F-28C4-417B-AC6F-BE8CF95B317E}.Release|Any CPU.ActiveCfg = Release|Any CPU
		{96F50B6F-28C4-417B-AC6F-BE8CF95B317E}.Release|Any CPU.Build.0 = Release|Any CPU
		{FE8A1187-3683-4404-A7CC-660BF3456CDE}.Debug|Any CPU.ActiveCfg = Debug|Any CPU
		{FE8A1187-3683-4404-A7CC-660BF3456CDE}.Debug|Any CPU.Build.0 = Debug|Any CPU
		{FE8A1187-3683-4404-A7CC-660BF3456CDE}.Release|Any CPU.ActiveCfg = Release|Any CPU
		{FE8A1187-3683-4404-A7CC-660BF3456CDE}.Release|Any CPU.Build.0 = Release|Any CPU
		{E1D7EA36-049E-4622-91E6-B82C04653F61}.Debug|Any CPU.ActiveCfg = Debug|Any CPU
		{E1D7EA36-049E-4622-91E6-B82C04653F61}.Debug|Any CPU.Build.0 = Debug|Any CPU
		{E1D7EA36-049E-4622-91E6-B82C04653F61}.Release|Any CPU.ActiveCfg = Release|Any CPU
		{E1D7EA36-049E-4622-91E6-B82C04653F61}.Release|Any CPU.Build.0 = Release|Any CPU
		{83C9EF35-04C8-41B3-8869-CD85CFF14140}.Debug|Any CPU.ActiveCfg = Debug|Any CPU
		{83C9EF35-04C8-41B3-8869-CD85CFF14140}.Debug|Any CPU.Build.0 = Debug|Any CPU
		{83C9EF35-04C8-41B3-8869-CD85CFF14140}.Release|Any CPU.ActiveCfg = Release|Any CPU
		{83C9EF35-04C8-41B3-8869-CD85CFF14140}.Release|Any CPU.Build.0 = Release|Any CPU
		{4BE1DEAE-B456-4A94-AB79-151167B229EA}.Debug|Any CPU.ActiveCfg = Debug|Any CPU
		{4BE1DEAE-B456-4A94-AB79-151167B229EA}.Debug|Any CPU.Build.0 = Debug|Any CPU
		{4BE1DEAE-B456-4A94-AB79-151167B229EA}.Release|Any CPU.ActiveCfg = Release|Any CPU
		{4BE1DEAE-B456-4A94-AB79-151167B229EA}.Release|Any CPU.Build.0 = Release|Any CPU
	EndGlobalSection
EndGlobal
