
Microsoft Visual Studio Solution File, Format Version 12.00
Project("{FAE04EC0-301F-11D3-BF4B-00C04F79EFBC}") = "ITS.Web", "ITS.Web\ITS.Web.csproj", "{533BECB4-7FF1-4E5C-8CE5-82A4BA26488C}"
EndProject
Global
	GlobalSection(SolutionConfigurationPlatforms) = preSolution
		Debug|Any CPU = Debug|Any CPU
		Release|Any CPU = Release|Any CPU
	EndGlobalSection
	GlobalSection(ProjectConfigurationPlatforms) = postSolution
		{533BECB4-7FF1-4E5C-8CE5-82A4BA26488C}.Debug|Any CPU.ActiveCfg = Debug|Any CPU
		{533BECB4-7FF1-4E5C-8CE5-82A4BA26488C}.Debug|Any CPU.Build.0 = Debug|Any CPU
		{533BECB4-7FF1-4E5C-8CE5-82A4BA26488C}.Release|Any CPU.ActiveCfg = Release|Any CPU
		{533BECB4-7FF1-4E5C-8CE5-82A4BA26488C}.Release|Any CPU.Build.0 = Release|Any CPU
	EndGlobalSection
EndGlobal
